
Microsoft Visual Studio Solution File, Format Version 12.00
Project("{FAE04EC0-301F-11D3-BF4B-00C04F79EFBC}") = "FullStackDevTest", "FullStackDevTest\FullStackDevTest.csproj", "{EABB48FD-9CE8-434B-9A3C-7B7B2F319641}"
EndProject
Project("{2150E333-8FDC-42A3-9474-1A3956D46DE8}") = "Solution Items", "Solution Items", "{E6904602-2200-4C7D-A6FD-31198D81A9D0}"
	ProjectSection(SolutionItems) = preProject
		docker-compose.yml = docker-compose.yml
	EndProjectSection
EndProject
Global
	GlobalSection(SolutionConfigurationPlatforms) = preSolution
		Debug|Any CPU = Debug|Any CPU
		Release|Any CPU = Release|Any CPU
	EndGlobalSection
	GlobalSection(ProjectConfigurationPlatforms) = postSolution
		{EABB48FD-9CE8-434B-9A3C-7B7B2F319641}.Debug|Any CPU.ActiveCfg = Debug|Any CPU
		{EABB48FD-9CE8-434B-9A3C-7B7B2F319641}.Debug|Any CPU.Build.0 = Debug|Any CPU
		{EABB48FD-9CE8-434B-9A3C-7B7B2F319641}.Release|Any CPU.ActiveCfg = Release|Any CPU
		{EABB48FD-9CE8-434B-9A3C-7B7B2F319641}.Release|Any CPU.Build.0 = Release|Any CPU
	EndGlobalSection
EndGlobal
